# This file is generated by running "yarn install" inside your project.
# Manual changes might be lost - proceed with caution!

__metadata:
  version: 4
  cacheKey: 7

"@eternal-twin/core@npm:0.3.1, @eternal-twin/core@npm:^0.3.1":
  version: 0.3.1
  resolution: "@eternal-twin/core@npm:0.3.1"
  dependencies:
    "@eternal-twin/twinoid-core": 0.3.1
    jsonwebtoken: ^8.5.1
    kryo: ^0.11.1
  checksum: 47a63efe7c4dc43fe430cb5822c3de3297cdb5340b15915b720350957a8375c244680402c939d21a0f9d3c9fa99df635f6381f04d82a81d7e7736eb5d89d232e
  languageName: node
  linkType: hard

"@eternal-twin/etwin-client-http@npm:^0.3.2":
  version: 0.3.2
  resolution: "@eternal-twin/etwin-client-http@npm:0.3.2"
  dependencies:
    "@eternal-twin/core": 0.3.1
    "@types/url-join": ^4.0.0
    kryo: ^0.11.1
    kryo-json: ^0.11.0
    url-join: ^4.0.1
  checksum: 54e20870ad0cfee64fc53786a84cf135006598885a316f8e4c44ff5d3dc067c97b0efea1521264e325743afb281debbd8d2603e23e5e6fe275db60f1958e763a
  languageName: node
  linkType: hard

"@eternal-twin/twinoid-core@npm:0.3.1":
  version: 0.3.1
  resolution: "@eternal-twin/twinoid-core@npm:0.3.1"
  dependencies:
    kryo: ^0.11.1
  checksum: bc416f001c19bb3858ce65cb18b3e37ee0a9afdf978d4d8e105cc0d1ae6c57dfd45177dcd075df4f2c78891998bb4c9b17f59ba911df651aa5f8859b7f45dc0c
  languageName: node
  linkType: hard

"@eternaltwin/client-example-js@workspace:.":
  version: 0.0.0-use.local
  resolution: "@eternaltwin/client-example-js@workspace:."
  dependencies:
    "@eternal-twin/core": ^0.3.1
    "@eternal-twin/etwin-client-http": ^0.3.2
    kryo-json: ^0.11.0
  languageName: unknown
  linkType: soft

"@types/object-inspect@npm:^1.4.0, @types/object-inspect@npm:^1.6.1":
  version: 1.6.1
  resolution: "@types/object-inspect@npm:1.6.1"
  checksum: 489d01deefb82287c71c36839f7fec55041a91ee3e40d07395a43dd02479a606eef2e3180ca0c4baa6663203d49b4f93108573b021092fa6a44c2625e6b69f9b
  languageName: node
  linkType: hard

"@types/url-join@npm:^4.0.0":
  version: 4.0.0
  resolution: "@types/url-join@npm:4.0.0"
  checksum: 324a992dc0303f4dc9f231994db02d011b901f5a29c6a688727e092131c48d1d869f5cef26d12da9594776bc5a13f5ee1b67543193dca30de3e41008b0cbdaf5
  languageName: node
  linkType: hard

"buffer-equal-constant-time@npm:1.0.1":
  version: 1.0.1
  resolution: "buffer-equal-constant-time@npm:1.0.1"
  checksum: a38a6fead170594b97894658d0e62e3686ccaecea480051c0bf69ba29274eca87203452590c3b6a1b589a7da1baef89420da00a8f08c010675c1dbc25f58edf9
  languageName: node
  linkType: hard

"ecdsa-sig-formatter@npm:1.0.11":
  version: 1.0.11
  resolution: "ecdsa-sig-formatter@npm:1.0.11"
  dependencies:
    safe-buffer: ^5.0.1
  checksum: 9d07775ee274e0ca3978a562e9eba14ce77ecc804d977d0e94525c2aa4a70d909eda5703810955d22fd06fc6312e6aacf85e233eebdabc7b27a0a38fd62902a4
  languageName: node
  linkType: hard

"incident@npm:^3.2.1":
  version: 3.2.1
  resolution: "incident@npm:3.2.1"
  dependencies:
    "@types/object-inspect": ^1.4.0
    object-inspect: ^1.6.0
  checksum: 88defe9f2c2968a762ca37d4e1a1eb999345ef03b351e71c61bae8d351e60ac7eefbb3af55b5f6fa44233821251be052b5bae8d90a4366e4e1c169b34d9382a2
  languageName: node
  linkType: hard

"jsonwebtoken@npm:^8.5.1":
  version: 8.5.1
  resolution: "jsonwebtoken@npm:8.5.1"
  dependencies:
    jws: ^3.2.2
    lodash.includes: ^4.3.0
    lodash.isboolean: ^3.0.3
    lodash.isinteger: ^4.0.4
    lodash.isnumber: ^3.0.3
    lodash.isplainobject: ^4.0.6
    lodash.isstring: ^4.0.1
    lodash.once: ^4.0.0
    ms: ^2.1.1
    semver: ^5.6.0
  checksum: ea44bbb7a7abab87eee57711a04093a2a04a5757faa3253f521327b840e07eff751986ed6c20985886c5aaa86245a833aa1eeda6eacb0c3fa9ea4e7074cdb0c3
  languageName: node
  linkType: hard

"jwa@npm:^1.4.1":
  version: 1.4.1
  resolution: "jwa@npm:1.4.1"
  dependencies:
    buffer-equal-constant-time: 1.0.1
    ecdsa-sig-formatter: 1.0.11
    safe-buffer: ^5.0.1
  checksum: e3a6234a3a33b0390c35cc7393890b1ca1bac22382755035ad252f6df9e1272dcf0ff0a717c7865657fc30e04b8d5ab07ea27e26f0763c60c557946963402752
  languageName: node
  linkType: hard

"jws@npm:^3.2.2":
  version: 3.2.2
  resolution: "jws@npm:3.2.2"
  dependencies:
    jwa: ^1.4.1
    safe-buffer: ^5.0.1
  checksum: 3990b26ebb6f368bf6c53bf580cd327f207052adedeb7900dde665e143fff9ea5d96d0b4282e85a631a6e3af76ada281a1ccc450b1916d579d07e9d36b564a19
  languageName: node
  linkType: hard

"kryo-json@npm:^0.11.0":
  version: 0.11.0
  resolution: "kryo-json@npm:0.11.0"
  dependencies:
    incident: ^3.2.1
    kryo: ^0.11.0
    tslib: ^2.0.0
  checksum: 2516940754c84315244b9dc9e038341f11097bcb81e15f4697530b99976e28b76e4ed67a8fa5976bfd55ffd81aa04f274a8d3abe0146673b4d81e4fb469ec666
  languageName: node
  linkType: hard

"kryo@npm:^0.11.0":
  version: 0.11.0
  resolution: "kryo@npm:0.11.0"
  dependencies:
    "@types/object-inspect": ^1.6.1
    incident: ^3.2.1
    object-inspect: ^1.7.0
    tslib: ^2.0.0
  checksum: 2ca668bc37d9e89e59bf0e46e325b30e6f09cf9e730b0306de7edaa7450c5f18ec510d8f399cf8a2efbd0d4136f8d3d19c8699aa544887e5dddf4b41c06c06d9
  languageName: node
  linkType: hard

"kryo@npm:^0.11.1":
  version: 0.11.1
  resolution: "kryo@npm:0.11.1"
  dependencies:
    "@types/object-inspect": ^1.6.1
    incident: ^3.2.1
    object-inspect: ^1.7.0
    tslib: ^2.0.0
  checksum: 9b721e4347f0cbe0d98e6cd5a0ad5b864365c4aba89ed85871b2153b8860fc0b084901a2a7c674b6f1e74e1bd86f4b5975b533b3731b8142d266166147a39f2b
  languageName: node
  linkType: hard

"lodash.includes@npm:^4.3.0":
  version: 4.3.0
  resolution: "lodash.includes@npm:4.3.0"
  checksum: 20d6b1bf7841a4eb21bcb124641a1d5fb368e3c86fb8834d80149ec92caef67f3bf316405e4ec309591f0a83e461cebb7b43b2b57d00fd45d1eb3009fe13be97
  languageName: node
  linkType: hard

"lodash.isboolean@npm:^3.0.3":
  version: 3.0.3
  resolution: "lodash.isboolean@npm:3.0.3"
  checksum: e5b7a921f47759773266e66664e4a54f2438cc213fe336c5b96321d4328ebb2785e939bbcd07b29d5a20cdc6140d471abae1e94cdfb25937dc91ddc5150f41a0
  languageName: node
  linkType: hard

"lodash.isinteger@npm:^4.0.4":
  version: 4.0.4
  resolution: "lodash.isinteger@npm:4.0.4"
  checksum: a29551cc9aaaf24cc4fdd7ce1734c7a19c748c704f061ef079f6026dc9666ac10e8ae08e4f0cd3aeb6094e20be043a7402c72ce70cbae9ea6ecce67ad997332c
  languageName: node
  linkType: hard

"lodash.isnumber@npm:^3.0.3":
  version: 3.0.3
  resolution: "lodash.isnumber@npm:3.0.3"
  checksum: a33b10bf57dd27b32aac0bb4159d3f40db6b294095f42d7ff9f966a004932cdcc12417bf0750a9d3ac0c62690dd020d7d227b05ef486a8c9061963acf2ea3fad
  languageName: node
  linkType: hard

"lodash.isplainobject@npm:^4.0.6":
  version: 4.0.6
  resolution: "lodash.isplainobject@npm:4.0.6"
  checksum: 72a114b610ec32a42b8cb47680d1729398caea0ee0631c0b220b97b21e7df19312377cb077acb6593bf6c5abdbdb43c530aa66b440e30d53324986d386808cd0
  languageName: node
  linkType: hard

"lodash.isstring@npm:^4.0.1":
  version: 4.0.1
  resolution: "lodash.isstring@npm:4.0.1"
  checksum: 20c46960b74fd63c27b534f1725cd4141ac19b35c7250affee37c8b7899b1a4c5e9820becfafe571a4d48cd4c86206ee03c2e93fe943dbeab82ddd5cab710540
  languageName: node
  linkType: hard

"lodash.once@npm:^4.0.0":
  version: 4.1.1
  resolution: "lodash.once@npm:4.1.1"
  checksum: 236e00ca5f20304fab5b38aa3aedb034959153dae6edf33d7f9b00406ced8f24ed232a74f1200505d9049165ceea2ce1256199e1683b0a25e9de89091d4b13c2
  languageName: node
  linkType: hard

"ms@npm:^2.1.1":
  version: 2.1.2
  resolution: "ms@npm:2.1.2"
  checksum: 9b65fb709bc30c0c07289dcbdb61ca032acbb9ea5698b55fa62e2cebb04c5953f1876a1f3f7f4bc2e91d4bf4d86003f3e207c3bc6ee2f716f99827e62389cd0e
  languageName: node
  linkType: hard

"object-inspect@npm:^1.6.0, object-inspect@npm:^1.7.0":
  version: 1.8.0
  resolution: "object-inspect@npm:1.8.0"
  checksum: 4da23a188b3811d75fcd6e7916471465f94e4752159e064f9621040945d375dca1afa092a000a398267d81b4f40bf33cfdbe1e99eff98f1972155efe055f80c8
  languageName: node
  linkType: hard

"safe-buffer@npm:^5.0.1":
  version: 5.2.1
  resolution: "safe-buffer@npm:5.2.1"
  checksum: 0bb57f0d8f9d1fa4fe35ad8a2db1f83a027d48f2822d59ede88fd5cd4ddad83c0b497213feb7a70fbf90597a70c5217f735b0eb1850df40ce9b4ae81dd22b3f9
  languageName: node
  linkType: hard

"semver@npm:^5.6.0":
  version: 5.7.1
  resolution: "semver@npm:5.7.1"
  bin:
    semver: ./bin/semver
  checksum: 06ff0ed753ebf741b7602be8faad620d6e160a2cb3f61019d00d919c8bca141638aa23c34da779b8595afdc9faa3678bfbb5f60366b6a4f65f98cf86605bbcdb
  languageName: node
  linkType: hard

"tslib@npm:^2.0.0":
  version: 2.0.1
  resolution: "tslib@npm:2.0.1"
  checksum: 7b42337a07f536c9650c72471cdf51317f07eb981692e91b8979fee3f6e20136a8f047e6ecdc5f2f3201132a6cc4e0096fa3c58655eba3803bf7fe739ccd088e
  languageName: node
  linkType: hard

"url-join@npm:^4.0.1":
  version: 4.0.1
  resolution: "url-join@npm:4.0.1"
  checksum: 278de41c66a739862dd3b0d8f01c18a72d1bdfbc1e1f0d3d72e68aeba54193c3c740c07cc9d32a81491d59cc1c09e38763ab7cc72c6f685549ec98e5c9cd9cc1
  languageName: node
  linkType: hard
